
Microsoft Visual Studio Solution File, Format Version 12.00
# Visual Studio Version 16
VisualStudioVersion = 16.0.29806.167
MinimumVisualStudioVersion = 10.0.40219.1
Project("{FAE04EC0-301F-11D3-BF4B-00C04F79EFBC}") = "EPPlus.WebSampleMvc.NetCore", "EPPlus.WebSampleMvc.NetCore.csproj", "{D52138E6-EEC6-4C88-91FA-0BA5197EDEEE}"
EndProject
Global
	GlobalSection(SolutionConfigurationPlatforms) = preSolution
		Debug|Any CPU = Debug|Any CPU
		Release|Any CPU = Release|Any CPU
	EndGlobalSection
	GlobalSection(ProjectConfigurationPlatforms) = postSolution
		{D52138E6-EEC6-4C88-91FA-0BA5197EDEEE}.Debug|Any CPU.ActiveCfg = Debug|Any CPU
		{D52138E6-EEC6-4C88-91FA-0BA5197EDEEE}.Debug|Any CPU.Build.0 = Debug|Any CPU
		{D52138E6-EEC6-4C88-91FA-0BA5197EDEEE}.Release|Any CPU.ActiveCfg = Release|Any CPU
		{D52138E6-EEC6-4C88-91FA-0BA5197EDEEE}.Release|Any CPU.Build.0 = Release|Any CPU
	EndGlobalSection
	GlobalSection(SolutionProperties) = preSolution
		HideSolutionNode = FALSE
	EndGlobalSection
	GlobalSection(ExtensibilityGlobals) = postSolution
		SolutionGuid = {1E298B58-A1C6-46A5-8D83-1863B6BE3F35}
	EndGlobalSection
EndGlobal
